
Microsoft Visual Studio Solution File, Format Version 12.00
# Visual Studio Version 16
VisualStudioVersion = 16.0.32428.217
MinimumVisualStudioVersion = 10.0.40219.1
Project("{FAE04EC0-301F-11D3-BF4B-00C04F79EFBC}") = "DeduccionesAsalariado", "DeduccionesAsalariado\DeduccionesAsalariado.csproj", "{39444144-F845-4CEE-8494-1177677B5281}"
EndProject
Global
	GlobalSection(SolutionConfigurationPlatforms) = preSolution
		Debug|Any CPU = Debug|Any CPU
		Release|Any CPU = Release|Any CPU
	EndGlobalSection
	GlobalSection(ProjectConfigurationPlatforms) = postSolution
		{39444144-F845-4CEE-8494-1177677B5281}.Debug|Any CPU.ActiveCfg = Debug|Any CPU
		{39444144-F845-4CEE-8494-1177677B5281}.Debug|Any CPU.Build.0 = Debug|Any CPU
		{39444144-F845-4CEE-8494-1177677B5281}.Release|Any CPU.ActiveCfg = Release|Any CPU
		{39444144-F845-4CEE-8494-1177677B5281}.Release|Any CPU.Build.0 = Release|Any CPU
	EndGlobalSection
	GlobalSection(SolutionProperties) = preSolution
		HideSolutionNode = FALSE
	EndGlobalSection
	GlobalSection(ExtensibilityGlobals) = postSolution
		SolutionGuid = {EB7E2071-1198-4318-AB80-81951E073EEE}
	EndGlobalSection
EndGlobal
